// !$*UTF8*$!
{
	archiveVersion = 1;
	classes = {
	};
	objectVersion = 48;
	objects = {

/* Begin PBXBuildFile section */
		95111B141FABCAEC00D8256B /* Cache+Extension.swift in Sources */ = {isa = PBXBuildFile; fileRef = 95111B131FABCAEC00D8256B /* Cache+Extension.swift */; };
		952305631FA7F5F20064A4BC /* AppDelegate.swift in Sources */ = {isa = PBXBuildFile; fileRef = 952305621FA7F5F20064A4BC /* AppDelegate.swift */; };
		952305681FA7F5F20064A4BC /* Main.storyboard in Resources */ = {isa = PBXBuildFile; fileRef = 952305661FA7F5F20064A4BC /* Main.storyboard */; };
		9523056A1FA7F5F20064A4BC /* Assets.xcassets in Resources */ = {isa = PBXBuildFile; fileRef = 952305691FA7F5F20064A4BC /* Assets.xcassets */; };
		9523056D1FA7F5F20064A4BC /* LaunchScreen.storyboard in Resources */ = {isa = PBXBuildFile; fileRef = 9523056B1FA7F5F20064A4BC /* LaunchScreen.storyboard */; };
		952305761FA7F7AF0064A4BC /* LoginViewController.swift in Sources */ = {isa = PBXBuildFile; fileRef = 952305751FA7F7AF0064A4BC /* LoginViewController.swift */; };
		952305791FA7F7FF0064A4BC /* UIColor+Extension.swift in Sources */ = {isa = PBXBuildFile; fileRef = 952305781FA7F7FF0064A4BC /* UIColor+Extension.swift */; };
		9523057C1FA82EE30064A4BC /* GoogleService-Info.plist in Resources */ = {isa = PBXBuildFile; fileRef = 9523057B1FA82EE30064A4BC /* GoogleService-Info.plist */; };
		953099ED1FAA4DAD00BF6E5F /* MessagesTableViewController.swift in Sources */ = {isa = PBXBuildFile; fileRef = 953099EC1FAA4DAD00BF6E5F /* MessagesTableViewController.swift */; };
		953099EF1FAA5A9500BF6E5F /* NewMessageTableViewController.swift in Sources */ = {isa = PBXBuildFile; fileRef = 953099EE1FAA5A9500BF6E5F /* NewMessageTableViewController.swift */; };
		953099F11FAA5DDD00BF6E5F /* UserModel.swift in Sources */ = {isa = PBXBuildFile; fileRef = 953099F01FAA5DDD00BF6E5F /* UserModel.swift */; };
		953099F41FAA700300BF6E5F /* UserDetailTableViewCell.swift in Sources */ = {isa = PBXBuildFile; fileRef = 953099F31FAA700300BF6E5F /* UserDetailTableViewCell.swift */; };
		95FD05AE1FB1296300AED858 /* ChatLogCollectionViewController.swift in Sources */ = {isa = PBXBuildFile; fileRef = 95FD05AD1FB1296300AED858 /* ChatLogCollectionViewController.swift */; };
		CDF5D0C05F22584DC5920105 /* Pods_ChatAway.framework in Frameworks */ = {isa = PBXBuildFile; fileRef = ACF96BD5613173CF3172B521 /* Pods_ChatAway.framework */; };
/* End PBXBuildFile section */

/* Begin PBXFileReference section */
		95111B131FABCAEC00D8256B /* Cache+Extension.swift */ = {isa = PBXFileReference; lastKnownFileType = sourcecode.swift; path = "Cache+Extension.swift"; sourceTree = "<group>"; };
		9523055F1FA7F5F20064A4BC /* ChatAway.app */ = {isa = PBXFileReference; explicitFileType = wrapper.application; includeInIndex = 0; path = ChatAway.app; sourceTree = BUILT_PRODUCTS_DIR; };
		952305621FA7F5F20064A4BC /* AppDelegate.swift */ = {isa = PBXFileReference; lastKnownFileType = sourcecode.swift; path = AppDelegate.swift; sourceTree = "<group>"; };
		952305671FA7F5F20064A4BC /* Base */ = {isa = PBXFileReference; lastKnownFileType = file.storyboard; name = Base; path = Base.lproj/Main.storyboard; sourceTree = "<group>"; };
		952305691FA7F5F20064A4BC /* Assets.xcassets */ = {isa = PBXFileReference; lastKnownFileType = folder.assetcatalog; path = Assets.xcassets; sourceTree = "<group>"; };
		9523056C1FA7F5F20064A4BC /* Base */ = {isa = PBXFileReference; lastKnownFileType = file.storyboard; name = Base; path = Base.lproj/LaunchScreen.storyboard; sourceTree = "<group>"; };
		9523056E1FA7F5F20064A4BC /* Info.plist */ = {isa = PBXFileReference; lastKnownFileType = text.plist.xml; path = Info.plist; sourceTree = "<group>"; };
		952305751FA7F7AF0064A4BC /* LoginViewController.swift */ = {isa = PBXFileReference; lastKnownFileType = sourcecode.swift; path = LoginViewController.swift; sourceTree = "<group>"; };
		952305781FA7F7FF0064A4BC /* UIColor+Extension.swift */ = {isa = PBXFileReference; lastKnownFileType = sourcecode.swift; path = "UIColor+Extension.swift"; sourceTree = "<group>"; };
		9523057B1FA82EE30064A4BC /* GoogleService-Info.plist */ = {isa = PBXFileReference; fileEncoding = 4; lastKnownFileType = text.plist.xml; path = "GoogleService-Info.plist"; sourceTree = "<group>"; };
		953099EC1FAA4DAD00BF6E5F /* MessagesTableViewController.swift */ = {isa = PBXFileReference; lastKnownFileType = sourcecode.swift; path = MessagesTableViewController.swift; sourceTree = "<group>"; };
		953099EE1FAA5A9500BF6E5F /* NewMessageTableViewController.swift */ = {isa = PBXFileReference; lastKnownFileType = sourcecode.swift; path = NewMessageTableViewController.swift; sourceTree = "<group>"; };
		953099F01FAA5DDD00BF6E5F /* UserModel.swift */ = {isa = PBXFileReference; lastKnownFileType = sourcecode.swift; path = UserModel.swift; sourceTree = "<group>"; };
		953099F31FAA700300BF6E5F /* UserDetailTableViewCell.swift */ = {isa = PBXFileReference; lastKnownFileType = sourcecode.swift; path = UserDetailTableViewCell.swift; sourceTree = "<group>"; };
		95FD05AD1FB1296300AED858 /* ChatLogCollectionViewController.swift */ = {isa = PBXFileReference; lastKnownFileType = sourcecode.swift; path = ChatLogCollectionViewController.swift; sourceTree = "<group>"; };
		A80E802C832F8263F1C0283E /* Pods-ChatAway.debug.xcconfig */ = {isa = PBXFileReference; includeInIndex = 1; lastKnownFileType = text.xcconfig; name = "Pods-ChatAway.debug.xcconfig"; path = "Pods/Target Support Files/Pods-ChatAway/Pods-ChatAway.debug.xcconfig"; sourceTree = "<group>"; };
		ACF96BD5613173CF3172B521 /* Pods_ChatAway.framework */ = {isa = PBXFileReference; explicitFileType = wrapper.framework; includeInIndex = 0; path = Pods_ChatAway.framework; sourceTree = BUILT_PRODUCTS_DIR; };
		CA389877CC6FA28CA3E6BAB1 /* Pods-ChatAway.release.xcconfig */ = {isa = PBXFileReference; includeInIndex = 1; lastKnownFileType = text.xcconfig; name = "Pods-ChatAway.release.xcconfig"; path = "Pods/Target Support Files/Pods-ChatAway/Pods-ChatAway.release.xcconfig"; sourceTree = "<group>"; };
/* End PBXFileReference section */

/* Begin PBXFrameworksBuildPhase section */
		9523055C1FA7F5F20064A4BC /* Frameworks */ = {
			isa = PBXFrameworksBuildPhase;
			buildActionMask = 2147483647;
			files = (
				CDF5D0C05F22584DC5920105 /* Pods_ChatAway.framework in Frameworks */,
			);
			runOnlyForDeploymentPostprocessing = 0;
		};
/* End PBXFrameworksBuildPhase section */

/* Begin PBXGroup section */
		1C67ADF9D5CADDE97EB6F734 /* Pods */ = {
			isa = PBXGroup;
			children = (
				A80E802C832F8263F1C0283E /* Pods-ChatAway.debug.xcconfig */,
				CA389877CC6FA28CA3E6BAB1 /* Pods-ChatAway.release.xcconfig */,
			);
			name = Pods;
			sourceTree = "<group>";
		};
		4DB11434A80AA489A5FAD956 /* Frameworks */ = {
			isa = PBXGroup;
			children = (
				ACF96BD5613173CF3172B521 /* Pods_ChatAway.framework */,
			);
			name = Frameworks;
			sourceTree = "<group>";
		};
		952305561FA7F5F20064A4BC = {
			isa = PBXGroup;
			children = (
				952305611FA7F5F20064A4BC /* ChatAway */,
				952305601FA7F5F20064A4BC /* Products */,
				1C67ADF9D5CADDE97EB6F734 /* Pods */,
				4DB11434A80AA489A5FAD956 /* Frameworks */,
			);
			sourceTree = "<group>";
		};
		952305601FA7F5F20064A4BC /* Products */ = {
			isa = PBXGroup;
			children = (
				9523055F1FA7F5F20064A4BC /* ChatAway.app */,
			);
			name = Products;
			sourceTree = "<group>";
		};
		952305611FA7F5F20064A4BC /* ChatAway */ = {
			isa = PBXGroup;
			children = (
				9523057A1FA7F8040064A4BC /* Extensions */,
				953099F51FAA701600BF6E5F /* Views */,
				953099F21FAA5E3500BF6E5F /* Models */,
				952305771FA7F7B60064A4BC /* ViewControllers */,
				952305741FA7F6190064A4BC /* Resources */,
			);
			path = ChatAway;
			sourceTree = "<group>";
		};
		952305741FA7F6190064A4BC /* Resources */ = {
			isa = PBXGroup;
			children = (
				952305661FA7F5F20064A4BC /* Main.storyboard */,
				952305621FA7F5F20064A4BC /* AppDelegate.swift */,
				952305691FA7F5F20064A4BC /* Assets.xcassets */,
				9523056B1FA7F5F20064A4BC /* LaunchScreen.storyboard */,
				9523057B1FA82EE30064A4BC /* GoogleService-Info.plist */,
				9523056E1FA7F5F20064A4BC /* Info.plist */,
			);
			path = Resources;
			sourceTree = "<group>";
		};
		952305771FA7F7B60064A4BC /* ViewControllers */ = {
			isa = PBXGroup;
			children = (
				952305751FA7F7AF0064A4BC /* LoginViewController.swift */,
				953099EC1FAA4DAD00BF6E5F /* MessagesTableViewController.swift */,
				953099EE1FAA5A9500BF6E5F /* NewMessageTableViewController.swift */,
				95FD05AD1FB1296300AED858 /* ChatLogCollectionViewController.swift */,
			);
			path = ViewControllers;
			sourceTree = "<group>";
		};
		9523057A1FA7F8040064A4BC /* Extensions */ = {
			isa = PBXGroup;
			children = (
				952305781FA7F7FF0064A4BC /* UIColor+Extension.swift */,
				95111B131FABCAEC00D8256B /* Cache+Extension.swift */,
			);
			path = Extensions;
			sourceTree = "<group>";
		};
		953099F21FAA5E3500BF6E5F /* Models */ = {
			isa = PBXGroup;
			children = (
				953099F01FAA5DDD00BF6E5F /* UserModel.swift */,
			);
			path = Models;
			sourceTree = "<group>";
		};
		953099F51FAA701600BF6E5F /* Views */ = {
			isa = PBXGroup;
			children = (
				953099F31FAA700300BF6E5F /* UserDetailTableViewCell.swift */,
			);
			path = Views;
			sourceTree = "<group>";
		};
/* End PBXGroup section */

/* Begin PBXNativeTarget section */
		9523055E1FA7F5F20064A4BC /* ChatAway */ = {
			isa = PBXNativeTarget;
			buildConfigurationList = 952305711FA7F5F20064A4BC /* Build configuration list for PBXNativeTarget "ChatAway" */;
			buildPhases = (
				3331184F3335275D4D4E4256 /* [CP] Check Pods Manifest.lock */,
				9523055B1FA7F5F20064A4BC /* Sources */,
				9523055C1FA7F5F20064A4BC /* Frameworks */,
				9523055D1FA7F5F20064A4BC /* Resources */,
				58035B67EF6F6770B995157B /* [CP] Embed Pods Frameworks */,
				661BAA37B7953952C587CC3F /* [CP] Copy Pods Resources */,
			);
			buildRules = (
			);
			dependencies = (
			);
			name = ChatAway;
			productName = ChatAway;
			productReference = 9523055F1FA7F5F20064A4BC /* ChatAway.app */;
			productType = "com.apple.product-type.application";
		};
/* End PBXNativeTarget section */

/* Begin PBXProject section */
		952305571FA7F5F20064A4BC /* Project object */ = {
			isa = PBXProject;
			attributes = {
				LastSwiftUpdateCheck = 0900;
				LastUpgradeCheck = 0900;
				ORGANIZATIONNAME = LuisPuentes;
				TargetAttributes = {
					9523055E1FA7F5F20064A4BC = {
						CreatedOnToolsVersion = 9.0.1;
						ProvisioningStyle = Automatic;
					};
				};
			};
			buildConfigurationList = 9523055A1FA7F5F20064A4BC /* Build configuration list for PBXProject "ChatAway" */;
			compatibilityVersion = "Xcode 8.0";
			developmentRegion = en;
			hasScannedForEncodings = 0;
			knownRegions = (
				en,
				Base,
			);
			mainGroup = 952305561FA7F5F20064A4BC;
			productRefGroup = 952305601FA7F5F20064A4BC /* Products */;
			projectDirPath = "";
			projectRoot = "";
			targets = (
				9523055E1FA7F5F20064A4BC /* ChatAway */,
			);
		};
/* End PBXProject section */

/* Begin PBXResourcesBuildPhase section */
		9523055D1FA7F5F20064A4BC /* Resources */ = {
			isa = PBXResourcesBuildPhase;
			buildActionMask = 2147483647;
			files = (
				9523056D1FA7F5F20064A4BC /* LaunchScreen.storyboard in Resources */,
				9523056A1FA7F5F20064A4BC /* Assets.xcassets in Resources */,
				952305681FA7F5F20064A4BC /* Main.storyboard in Resources */,
				9523057C1FA82EE30064A4BC /* GoogleService-Info.plist in Resources */,
			);
			runOnlyForDeploymentPostprocessing = 0;
		};
/* End PBXResourcesBuildPhase section */

/* Begin PBXShellScriptBuildPhase section */
		3331184F3335275D4D4E4256 /* [CP] Check Pods Manifest.lock */ = {
			isa = PBXShellScriptBuildPhase;
			buildActionMask = 2147483647;
			files = (
			);
			inputPaths = (
			);
			name = "[CP] Check Pods Manifest.lock";
			outputPaths = (
			);
			runOnlyForDeploymentPostprocessing = 0;
			shellPath = /bin/sh;
			shellScript = "diff \"${PODS_PODFILE_DIR_PATH}/Podfile.lock\" \"${PODS_ROOT}/Manifest.lock\" > /dev/null\nif [ $? != 0 ] ; then\n    # print error to STDERR\n    echo \"error: The sandbox is not in sync with the Podfile.lock. Run 'pod install' or update your CocoaPods installation.\" >&2\n    exit 1\nfi\n";
			showEnvVarsInLog = 0;
		};
		58035B67EF6F6770B995157B /* [CP] Embed Pods Frameworks */ = {
			isa = PBXShellScriptBuildPhase;
			buildActionMask = 2147483647;
			files = (
			);
			inputPaths = (
			);
			name = "[CP] Embed Pods Frameworks";
			outputPaths = (
			);
			runOnlyForDeploymentPostprocessing = 0;
			shellPath = /bin/sh;
			shellScript = "\"${SRCROOT}/Pods/Target Support Files/Pods-ChatAway/Pods-ChatAway-frameworks.sh\"\n";
			showEnvVarsInLog = 0;
		};
		661BAA37B7953952C587CC3F /* [CP] Copy Pods Resources */ = {
			isa = PBXShellScriptBuildPhase;
			buildActionMask = 2147483647;
			files = (
			);
			inputPaths = (
			);
			name = "[CP] Copy Pods Resources";
			outputPaths = (
			);
			runOnlyForDeploymentPostprocessing = 0;
			shellPath = /bin/sh;
			shellScript = "\"${SRCROOT}/Pods/Target Support Files/Pods-ChatAway/Pods-ChatAway-resources.sh\"\n";
			showEnvVarsInLog = 0;
		};
/* End PBXShellScriptBuildPhase section */

/* Begin PBXSourcesBuildPhase section */
		9523055B1FA7F5F20064A4BC /* Sources */ = {
			isa = PBXSourcesBuildPhase;
			buildActionMask = 2147483647;
			files = (
				952305791FA7F7FF0064A4BC /* UIColor+Extension.swift in Sources */,
				952305761FA7F7AF0064A4BC /* LoginViewController.swift in Sources */,
				953099F11FAA5DDD00BF6E5F /* UserModel.swift in Sources */,
				953099F41FAA700300BF6E5F /* UserDetailTableViewCell.swift in Sources */,
				95FD05AE1FB1296300AED858 /* ChatLogCollectionViewController.swift in Sources */,
				95111B141FABCAEC00D8256B /* Cache+Extension.swift in Sources */,
				953099ED1FAA4DAD00BF6E5F /* MessagesTableViewController.swift in Sources */,
				952305631FA7F5F20064A4BC /* AppDelegate.swift in Sources */,
				953099EF1FAA5A9500BF6E5F /* NewMessageTableViewController.swift in Sources */,
			);
			runOnlyForDeploymentPostprocessing = 0;
		};
/* End PBXSourcesBuildPhase section */

/* Begin PBXVariantGroup section */
		952305661FA7F5F20064A4BC /* Main.storyboard */ = {
			isa = PBXVariantGroup;
			children = (
				952305671FA7F5F20064A4BC /* Base */,
			);
			name = Main.storyboard;
			sourceTree = "<group>";
		};
		9523056B1FA7F5F20064A4BC /* LaunchScreen.storyboard */ = {
			isa = PBXVariantGroup;
			children = (
				9523056C1FA7F5F20064A4BC /* Base */,
			);
			name = LaunchScreen.storyboard;
			sourceTree = "<group>";
		};
/* End PBXVariantGroup section */

/* Begin XCBuildConfiguration section */
		9523056F1FA7F5F20064A4BC /* Debug */ = {
			isa = XCBuildConfiguration;
			buildSettings = {
				ALWAYS_SEARCH_USER_PATHS = NO;
				CLANG_ANALYZER_NONNULL = YES;
				CLANG_ANALYZER_NUMBER_OBJECT_CONVERSION = YES_AGGRESSIVE;
				CLANG_CXX_LANGUAGE_STANDARD = "gnu++14";
				CLANG_CXX_LIBRARY = "libc++";
				CLANG_ENABLE_MODULES = YES;
				CLANG_ENABLE_OBJC_ARC = YES;
				CLANG_WARN_BLOCK_CAPTURE_AUTORELEASING = YES;
				CLANG_WARN_BOOL_CONVERSION = YES;
				CLANG_WARN_COMMA = YES;
				CLANG_WARN_CONSTANT_CONVERSION = YES;
				CLANG_WARN_DIRECT_OBJC_ISA_USAGE = YES_ERROR;
				CLANG_WARN_DOCUMENTATION_COMMENTS = YES;
				CLANG_WARN_EMPTY_BODY = YES;
				CLANG_WARN_ENUM_CONVERSION = YES;
				CLANG_WARN_INFINITE_RECURSION = YES;
				CLANG_WARN_INT_CONVERSION = YES;
				CLANG_WARN_NON_LITERAL_NULL_CONVERSION = YES;
				CLANG_WARN_OBJC_LITERAL_CONVERSION = YES;
				CLANG_WARN_OBJC_ROOT_CLASS = YES_ERROR;
				CLANG_WARN_RANGE_LOOP_ANALYSIS = YES;
				CLANG_WARN_STRICT_PROTOTYPES = YES;
				CLANG_WARN_SUSPICIOUS_MOVE = YES;
				CLANG_WARN_UNGUARDED_AVAILABILITY = YES_AGGRESSIVE;
				CLANG_WARN_UNREACHABLE_CODE = YES;
				CLANG_WARN__DUPLICATE_METHOD_MATCH = YES;
				CODE_SIGN_IDENTITY = "iPhone Developer";
				COPY_PHASE_STRIP = NO;
				DEBUG_INFORMATION_FORMAT = dwarf;
				ENABLE_STRICT_OBJC_MSGSEND = YES;
				ENABLE_TESTABILITY = YES;
				GCC_C_LANGUAGE_STANDARD = gnu11;
				GCC_DYNAMIC_NO_PIC = NO;
				GCC_NO_COMMON_BLOCKS = YES;
				GCC_OPTIMIZATION_LEVEL = 0;
				GCC_PREPROCESSOR_DEFINITIONS = (
					"DEBUG=1",
					"$(inherited)",
				);
				GCC_WARN_64_TO_32_BIT_CONVERSION = YES;
				GCC_WARN_ABOUT_RETURN_TYPE = YES_ERROR;
				GCC_WARN_UNDECLARED_SELECTOR = YES;
				GCC_WARN_UNINITIALIZED_AUTOS = YES_AGGRESSIVE;
				GCC_WARN_UNUSED_FUNCTION = YES;
				GCC_WARN_UNUSED_VARIABLE = YES;
				IPHONEOS_DEPLOYMENT_TARGET = 11.0;
				MTL_ENABLE_DEBUG_INFO = YES;
				ONLY_ACTIVE_ARCH = YES;
				SDKROOT = iphoneos;
				SWIFT_ACTIVE_COMPILATION_CONDITIONS = DEBUG;
				SWIFT_OPTIMIZATION_LEVEL = "-Onone";
			};
			name = Debug;
		};
		952305701FA7F5F20064A4BC /* Release */ = {
			isa = XCBuildConfiguration;
			buildSettings = {
				ALWAYS_SEARCH_USER_PATHS = NO;
				CLANG_ANALYZER_NONNULL = YES;
				CLANG_ANALYZER_NUMBER_OBJECT_CONVERSION = YES_AGGRESSIVE;
				CLANG_CXX_LANGUAGE_STANDARD = "gnu++14";
				CLANG_CXX_LIBRARY = "libc++";
				CLANG_ENABLE_MODULES = YES;
				CLANG_ENABLE_OBJC_ARC = YES;
				CLANG_WARN_BLOCK_CAPTURE_AUTORELEASING = YES;
				CLANG_WARN_BOOL_CONVERSION = YES;
				CLANG_WARN_COMMA = YES;
				CLANG_WARN_CONSTANT_CONVERSION = YES;
				CLANG_WARN_DIRECT_OBJC_ISA_USAGE = YES_ERROR;
				CLANG_WARN_DOCUMENTATION_COMMENTS = YES;
				CLANG_WARN_EMPTY_BODY = YES;
				CLANG_WARN_ENUM_CONVERSION = YES;
				CLANG_WARN_INFINITE_RECURSION = YES;
				CLANG_WARN_INT_CONVERSION = YES;
				CLANG_WARN_NON_LITERAL_NULL_CONVERSION = YES;
				CLANG_WARN_OBJC_LITERAL_CONVERSION = YES;
				CLANG_WARN_OBJC_ROOT_CLASS = YES_ERROR;
				CLANG_WARN_RANGE_LOOP_ANALYSIS = YES;
				CLANG_WARN_STRICT_PROTOTYPES = YES;
				CLANG_WARN_SUSPICIOUS_MOVE = YES;
				CLANG_WARN_UNGUARDED_AVAILABILITY = YES_AGGRESSIVE;
				CLANG_WARN_UNREACHABLE_CODE = YES;
				CLANG_WARN__DUPLICATE_METHOD_MATCH = YES;
				CODE_SIGN_IDENTITY = "iPhone Developer";
				COPY_PHASE_STRIP = NO;
				DEBUG_INFORMATION_FORMAT = "dwarf-with-dsym";
				ENABLE_NS_ASSERTIONS = NO;
				ENABLE_STRICT_OBJC_MSGSEND = YES;
				GCC_C_LANGUAGE_STANDARD = gnu11;
				GCC_NO_COMMON_BLOCKS = YES;
				GCC_WARN_64_TO_32_BIT_CONVERSION = YES;
				GCC_WARN_ABOUT_RETURN_TYPE = YES_ERROR;
				GCC_WARN_UNDECLARED_SELECTOR = YES;
				GCC_WARN_UNINITIALIZED_AUTOS = YES_AGGRESSIVE;
				GCC_WARN_UNUSED_FUNCTION = YES;
				GCC_WARN_UNUSED_VARIABLE = YES;
				IPHONEOS_DEPLOYMENT_TARGET = 11.0;
				MTL_ENABLE_DEBUG_INFO = NO;
				SDKROOT = iphoneos;
				SWIFT_OPTIMIZATION_LEVEL = "-Owholemodule";
				VALIDATE_PRODUCT = YES;
			};
			name = Release;
		};
		952305721FA7F5F20064A4BC /* Debug */ = {
			isa = XCBuildConfiguration;
			baseConfigurationReference = A80E802C832F8263F1C0283E /* Pods-ChatAway.debug.xcconfig */;
			buildSettings = {
				ASSETCATALOG_COMPILER_APPICON_NAME = AppIcon;
				CODE_SIGN_STYLE = Automatic;
				DEVELOPMENT_TEAM = H9L7P6ZCN6;
				INFOPLIST_FILE = "$(SRCROOT)/ChatAway/Resources/Info.plist";
				LD_RUNPATH_SEARCH_PATHS = "$(inherited) @executable_path/Frameworks";
				PRODUCT_BUNDLE_IDENTIFIER = com.ChatAway;
				PRODUCT_NAME = "$(TARGET_NAME)";
				SWIFT_VERSION = 4.0;
				TARGETED_DEVICE_FAMILY = "1,2";
			};
			name = Debug;
		};
		952305731FA7F5F20064A4BC /* Release */ = {
			isa = XCBuildConfiguration;
			baseConfigurationReference = CA389877CC6FA28CA3E6BAB1 /* Pods-ChatAway.release.xcconfig */;
			buildSettings = {
				ASSETCATALOG_COMPILER_APPICON_NAME = AppIcon;
				CODE_SIGN_STYLE = Automatic;
				DEVELOPMENT_TEAM = H9L7P6ZCN6;
				INFOPLIST_FILE = "$(SRCROOT)/ChatAway/Resources/Info.plist";
				LD_RUNPATH_SEARCH_PATHS = "$(inherited) @executable_path/Frameworks";
				PRODUCT_BUNDLE_IDENTIFIER = com.ChatAway;
				PRODUCT_NAME = "$(TARGET_NAME)";
				SWIFT_VERSION = 4.0;
				TARGETED_DEVICE_FAMILY = "1,2";
			};
			name = Release;
		};
/* End XCBuildConfiguration section */

/* Begin XCConfigurationList section */
		9523055A1FA7F5F20064A4BC /* Build configuration list for PBXProject "ChatAway" */ = {
			isa = XCConfigurationList;
			buildConfigurations = (
				9523056F1FA7F5F20064A4BC /* Debug */,
				952305701FA7F5F20064A4BC /* Release */,
			);
			defaultConfigurationIsVisible = 0;
			defaultConfigurationName = Release;
		};
		952305711FA7F5F20064A4BC /* Build configuration list for PBXNativeTarget "ChatAway" */ = {
			isa = XCConfigurationList;
			buildConfigurations = (
				952305721FA7F5F20064A4BC /* Debug */,
				952305731FA7F5F20064A4BC /* Release */,
			);
			defaultConfigurationIsVisible = 0;
			defaultConfigurationName = Release;
		};
/* End XCConfigurationList section */
	};
	rootObject = 952305571FA7F5F20064A4BC /* Project object */;
}
